<Solution>
  <Folder Name="/dataset/" />
  <Folder Name="/dataset/builder/">
    <Project Path="dataset/builder/Overkit.DatasetBuilder.csproj" />
  </Folder>
  <Folder Name="/host/">
    <Project Path="host/Overkit.Contracts/Overkit.Contracts.csproj" />
    <Project Path="host/Overkit.Core/Overkit.Core.csproj" />
    <Project Path="host/Overkit.Host/Overkit.Host.csproj" />
    <Project Path="host/Overkit.Hud/Overkit.Hud.csproj" />
  </Folder>
  <Folder Name="/host/spikes/">
    <Project Path="host/spikes/HudSpike/HudSpike.csproj" />
  </Folder>
  <Folder Name="/schema/" />
  <Folder Name="/schema/generator/">
    <Project Path="schema/generator/Overkit.SchemaGenerator.csproj" />
  </Folder>
</Solution>
